// !$*UTF8*$!
{
	archiveVersion = 1;
	classes = {
	};
	objectVersion = 50;
	objects = {

/* Begin PBXBuildFile section */
		40038E84213F903F00D7FBA2 /* SetupViewController.swift in Sources */ = {isa = PBXBuildFile; fileRef = 40038E83213F903F00D7FBA2 /* SetupViewController.swift */; };
		40038E86213F914700D7FBA2 /* GameViewController.swift in Sources */ = {isa = PBXBuildFile; fileRef = 40038E85213F914700D7FBA2 /* GameViewController.swift */; };
		40220DB5214748F500C4D4A6 /* coughAudio.mp3 in Resources */ = {isa = PBXBuildFile; fileRef = 40220DB4214748F500C4D4A6 /* coughAudio.mp3 */; };
		403601DA212DE3D30082E29C /* health_3.png in Resources */ = {isa = PBXBuildFile; fileRef = 403601CF212DE3CB0082E29C /* health_3.png */; };
		403601DB212DE3D30082E29C /* health_2.png in Resources */ = {isa = PBXBuildFile; fileRef = 403601D0212DE3CC0082E29C /* health_2.png */; };
		403601DC212DE3D30082E29C /* health_4.png in Resources */ = {isa = PBXBuildFile; fileRef = 403601D1212DE3CD0082E29C /* health_4.png */; };
		403601DD212DE3D30082E29C /* health_7.png in Resources */ = {isa = PBXBuildFile; fileRef = 403601D2212DE3CD0082E29C /* health_7.png */; };
		403601DE212DE3D30082E29C /* health_10.png in Resources */ = {isa = PBXBuildFile; fileRef = 403601D3212DE3CE0082E29C /* health_10.png */; };
		403601DF212DE3D30082E29C /* health_6.png in Resources */ = {isa = PBXBuildFile; fileRef = 403601D4212DE3CF0082E29C /* health_6.png */; };
		403601E0212DE3D30082E29C /* health_9.png in Resources */ = {isa = PBXBuildFile; fileRef = 403601D5212DE3CF0082E29C /* health_9.png */; };
		403601E1212DE3D30082E29C /* health_1.png in Resources */ = {isa = PBXBuildFile; fileRef = 403601D6212DE3D00082E29C /* health_1.png */; };
		403601E2212DE3D30082E29C /* health_0.png in Resources */ = {isa = PBXBuildFile; fileRef = 403601D7212DE3D10082E29C /* health_0.png */; };
		403601E3212DE3D30082E29C /* health_5.png in Resources */ = {isa = PBXBuildFile; fileRef = 403601D8212DE3D10082E29C /* health_5.png */; };
		403601E4212DE3D30082E29C /* health_8.png in Resources */ = {isa = PBXBuildFile; fileRef = 403601D9212DE3D20082E29C /* health_8.png */; };
		4067CAA320FAE47900C6A7FE /* AppDelegate.swift in Sources */ = {isa = PBXBuildFile; fileRef = 4067CAA220FAE47900C6A7FE /* AppDelegate.swift */; };
		4067CAA520FAE47900C6A7FE /* ViewController.swift in Sources */ = {isa = PBXBuildFile; fileRef = 4067CAA420FAE47900C6A7FE /* ViewController.swift */; };
		4067CAA820FAE47900C6A7FE /* Main.storyboard in Resources */ = {isa = PBXBuildFile; fileRef = 4067CAA620FAE47900C6A7FE /* Main.storyboard */; };
		4067CAAB20FAE47900C6A7FE /* TheyGrowUp.xcdatamodeld in Sources */ = {isa = PBXBuildFile; fileRef = 4067CAA920FAE47900C6A7FE /* TheyGrowUp.xcdatamodeld */; };
		4067CAAD20FAE47A00C6A7FE /* Assets.xcassets in Resources */ = {isa = PBXBuildFile; fileRef = 4067CAAC20FAE47A00C6A7FE /* Assets.xcassets */; };
		4067CAB020FAE47A00C6A7FE /* LaunchScreen.storyboard in Resources */ = {isa = PBXBuildFile; fileRef = 4067CAAE20FAE47A00C6A7FE /* LaunchScreen.storyboard */; };
		406C706B21471BB700065B6F /* scenario_pertussis.json in Resources */ = {isa = PBXBuildFile; fileRef = 406C706A21471BB700065B6F /* scenario_pertussis.json */; };
		40A8C715216E858F00730891 /* StringRenderService.swift in Sources */ = {isa = PBXBuildFile; fileRef = 40A8C711216E858F00730891 /* StringRenderService.swift */; };
		40A8C716216E858F00730891 /* AudioPlayerManager.swift in Sources */ = {isa = PBXBuildFile; fileRef = 40A8C712216E858F00730891 /* AudioPlayerManager.swift */; };
		40A8C717216E858F00730891 /* AudioPlayer.swift in Sources */ = {isa = PBXBuildFile; fileRef = 40A8C713216E858F00730891 /* AudioPlayer.swift */; };
		40A8C718216E858F00730891 /* TimeTrackable.swift in Sources */ = {isa = PBXBuildFile; fileRef = 40A8C714216E858F00730891 /* TimeTrackable.swift */; };
		40A8C71F216E91EC00730891 /* FAQViewController.swift in Sources */ = {isa = PBXBuildFile; fileRef = 40A8C71E216E91EC00730891 /* FAQViewController.swift */; };
		40A8C721216E960900730891 /* faqs.json in Resources */ = {isa = PBXBuildFile; fileRef = 40A8C720216E960900730891 /* faqs.json */; };
		40A8C723216E9F3C00730891 /* FAQView.swift in Sources */ = {isa = PBXBuildFile; fileRef = 40A8C722216E9F3C00730891 /* FAQView.swift */; };
		40A8C725216EA66100730891 /* FAQs.swift in Sources */ = {isa = PBXBuildFile; fileRef = 40A8C724216EA66100730891 /* FAQs.swift */; };
		4A11A3EF2167F96500E9B9F2 /* Scenario.swift in Sources */ = {isa = PBXBuildFile; fileRef = 4A11A3EE2167F96500E9B9F2 /* Scenario.swift */; };
		4A11A3F12168009E00E9B9F2 /* Scene.swift in Sources */ = {isa = PBXBuildFile; fileRef = 4A11A3F02168009E00E9B9F2 /* Scene.swift */; };
		4A11A3F62168291100E9B9F2 /* ScoreView.swift in Sources */ = {isa = PBXBuildFile; fileRef = 4A11A3F52168291100E9B9F2 /* ScoreView.swift */; };
		4A11A3FA21682DA900E9B9F2 /* ScoreView.xib in Resources */ = {isa = PBXBuildFile; fileRef = 4A11A3F821682DA900E9B9F2 /* ScoreView.xib */; };
		4A11A3FF216A89AE00E9B9F2 /* Gender.swift in Sources */ = {isa = PBXBuildFile; fileRef = 4A11A3FE216A89AE00E9B9F2 /* Gender.swift */; };
		4AECB6462166B16B004CB1EC /* Parent.swift in Sources */ = {isa = PBXBuildFile; fileRef = 4AECB6452166B16B004CB1EC /* Parent.swift */; };
		4AECB6482166B173004CB1EC /* Child.swift in Sources */ = {isa = PBXBuildFile; fileRef = 4AECB6472166B173004CB1EC /* Child.swift */; };
		4AECB64A2166B183004CB1EC /* Journey.swift in Sources */ = {isa = PBXBuildFile; fileRef = 4AECB6492166B183004CB1EC /* Journey.swift */; };
		4AECB64E2166B1DF004CB1EC /* JourneyStep.swift in Sources */ = {isa = PBXBuildFile; fileRef = 4AECB64D2166B1DF004CB1EC /* JourneyStep.swift */; };
		4AECB6572166BC3D004CB1EC /* LinearProgressBar.swift in Sources */ = {isa = PBXBuildFile; fileRef = 4AECB6562166BC3D004CB1EC /* LinearProgressBar.swift */; };
		4AF7137221669C010011C159 /* Podfile in Resources */ = {isa = PBXBuildFile; fileRef = 4AF7137121669C010011C159 /* Podfile */; };
		4AFBCC51216BF7F800054777 /* Better-Days-Ahead.mp3 in Resources */ = {isa = PBXBuildFile; fileRef = 4AFBCC50216BF7F700054777 /* Better-Days-Ahead.mp3 */; };
		4AFBCC55216C5E8300054777 /* ScoreKeeper.swift in Sources */ = {isa = PBXBuildFile; fileRef = 4AFBCC54216C5E8300054777 /* ScoreKeeper.swift */; };
		5ADF08D7AF698B943822C015 /* Pods_TheyGrowUp.framework in Frameworks */ = {isa = PBXBuildFile; fileRef = 191559A6D43CF01F939C7495 /* Pods_TheyGrowUp.framework */; };
/* End PBXBuildFile section */

/* Begin PBXFileReference section */
		00921311AFE8D707FB6C3BA4 /* Pods-TheyGrowUp.debug.xcconfig */ = {isa = PBXFileReference; includeInIndex = 1; lastKnownFileType = text.xcconfig; name = "Pods-TheyGrowUp.debug.xcconfig"; path = "Pods/Target Support Files/Pods-TheyGrowUp/Pods-TheyGrowUp.debug.xcconfig"; sourceTree = "<group>"; };
		191559A6D43CF01F939C7495 /* Pods_TheyGrowUp.framework */ = {isa = PBXFileReference; explicitFileType = wrapper.framework; includeInIndex = 0; path = Pods_TheyGrowUp.framework; sourceTree = BUILT_PRODUCTS_DIR; };
		40038E83213F903F00D7FBA2 /* SetupViewController.swift */ = {isa = PBXFileReference; lastKnownFileType = sourcecode.swift; path = SetupViewController.swift; sourceTree = "<group>"; };
		40038E85213F914700D7FBA2 /* GameViewController.swift */ = {isa = PBXFileReference; lastKnownFileType = sourcecode.swift; path = GameViewController.swift; sourceTree = "<group>"; };
		40220DB4214748F500C4D4A6 /* coughAudio.mp3 */ = {isa = PBXFileReference; lastKnownFileType = audio.mp3; path = coughAudio.mp3; sourceTree = "<group>"; };
		403601CF212DE3CB0082E29C /* health_3.png */ = {isa = PBXFileReference; lastKnownFileType = image.png; path = health_3.png; sourceTree = "<group>"; };
		403601D0212DE3CC0082E29C /* health_2.png */ = {isa = PBXFileReference; lastKnownFileType = image.png; path = health_2.png; sourceTree = "<group>"; };
		403601D1212DE3CD0082E29C /* health_4.png */ = {isa = PBXFileReference; lastKnownFileType = image.png; path = health_4.png; sourceTree = "<group>"; };
		403601D2212DE3CD0082E29C /* health_7.png */ = {isa = PBXFileReference; lastKnownFileType = image.png; path = health_7.png; sourceTree = "<group>"; };
		403601D3212DE3CE0082E29C /* health_10.png */ = {isa = PBXFileReference; lastKnownFileType = image.png; path = health_10.png; sourceTree = "<group>"; };
		403601D4212DE3CF0082E29C /* health_6.png */ = {isa = PBXFileReference; lastKnownFileType = image.png; path = health_6.png; sourceTree = "<group>"; };
		403601D5212DE3CF0082E29C /* health_9.png */ = {isa = PBXFileReference; lastKnownFileType = image.png; path = health_9.png; sourceTree = "<group>"; };
		403601D6212DE3D00082E29C /* health_1.png */ = {isa = PBXFileReference; lastKnownFileType = image.png; path = health_1.png; sourceTree = "<group>"; };
		403601D7212DE3D10082E29C /* health_0.png */ = {isa = PBXFileReference; lastKnownFileType = image.png; path = health_0.png; sourceTree = "<group>"; };
		403601D8212DE3D10082E29C /* health_5.png */ = {isa = PBXFileReference; lastKnownFileType = image.png; path = health_5.png; sourceTree = "<group>"; };
		403601D9212DE3D20082E29C /* health_8.png */ = {isa = PBXFileReference; lastKnownFileType = image.png; path = health_8.png; sourceTree = "<group>"; };
		4067CA9F20FAE47900C6A7FE /* TheyGrowUp.app */ = {isa = PBXFileReference; explicitFileType = wrapper.application; includeInIndex = 0; path = TheyGrowUp.app; sourceTree = BUILT_PRODUCTS_DIR; };
		4067CAA220FAE47900C6A7FE /* AppDelegate.swift */ = {isa = PBXFileReference; lastKnownFileType = sourcecode.swift; path = AppDelegate.swift; sourceTree = "<group>"; };
		4067CAA420FAE47900C6A7FE /* ViewController.swift */ = {isa = PBXFileReference; lastKnownFileType = sourcecode.swift; path = ViewController.swift; sourceTree = "<group>"; };
		4067CAA720FAE47900C6A7FE /* Base */ = {isa = PBXFileReference; lastKnownFileType = file.storyboard; name = Base; path = Base.lproj/Main.storyboard; sourceTree = "<group>"; };
		4067CAAA20FAE47900C6A7FE /* TheyGrowUp.xcdatamodel */ = {isa = PBXFileReference; lastKnownFileType = wrapper.xcdatamodel; path = TheyGrowUp.xcdatamodel; sourceTree = "<group>"; };
		4067CAAC20FAE47A00C6A7FE /* Assets.xcassets */ = {isa = PBXFileReference; lastKnownFileType = folder.assetcatalog; path = Assets.xcassets; sourceTree = "<group>"; };
		4067CAAF20FAE47A00C6A7FE /* Base */ = {isa = PBXFileReference; lastKnownFileType = file.storyboard; name = Base; path = Base.lproj/LaunchScreen.storyboard; sourceTree = "<group>"; };
		4067CAB120FAE47A00C6A7FE /* Info.plist */ = {isa = PBXFileReference; lastKnownFileType = text.plist.xml; path = Info.plist; sourceTree = "<group>"; };
		406C706A21471BB700065B6F /* scenario_pertussis.json */ = {isa = PBXFileReference; lastKnownFileType = text.json; path = scenario_pertussis.json; sourceTree = "<group>"; };
		40A8C711216E858F00730891 /* StringRenderService.swift */ = {isa = PBXFileReference; fileEncoding = 4; lastKnownFileType = sourcecode.swift; path = StringRenderService.swift; sourceTree = "<group>"; };
		40A8C712216E858F00730891 /* AudioPlayerManager.swift */ = {isa = PBXFileReference; fileEncoding = 4; lastKnownFileType = sourcecode.swift; path = AudioPlayerManager.swift; sourceTree = "<group>"; };
		40A8C713216E858F00730891 /* AudioPlayer.swift */ = {isa = PBXFileReference; fileEncoding = 4; lastKnownFileType = sourcecode.swift; path = AudioPlayer.swift; sourceTree = "<group>"; };
		40A8C714216E858F00730891 /* TimeTrackable.swift */ = {isa = PBXFileReference; fileEncoding = 4; lastKnownFileType = sourcecode.swift; path = TimeTrackable.swift; sourceTree = "<group>"; };
		40A8C71E216E91EC00730891 /* FAQViewController.swift */ = {isa = PBXFileReference; lastKnownFileType = sourcecode.swift; path = FAQViewController.swift; sourceTree = "<group>"; };
		40A8C720216E960900730891 /* faqs.json */ = {isa = PBXFileReference; lastKnownFileType = text.json; path = faqs.json; sourceTree = "<group>"; };
		40A8C722216E9F3C00730891 /* FAQView.swift */ = {isa = PBXFileReference; lastKnownFileType = sourcecode.swift; path = FAQView.swift; sourceTree = "<group>"; };
		40A8C724216EA66100730891 /* FAQs.swift */ = {isa = PBXFileReference; lastKnownFileType = sourcecode.swift; path = FAQs.swift; sourceTree = "<group>"; };
		4A11A3EE2167F96500E9B9F2 /* Scenario.swift */ = {isa = PBXFileReference; lastKnownFileType = sourcecode.swift; path = Scenario.swift; sourceTree = "<group>"; };
		4A11A3F02168009E00E9B9F2 /* Scene.swift */ = {isa = PBXFileReference; fileEncoding = 4; lastKnownFileType = sourcecode.swift; path = Scene.swift; sourceTree = "<group>"; };
		4A11A3F52168291100E9B9F2 /* ScoreView.swift */ = {isa = PBXFileReference; lastKnownFileType = sourcecode.swift; path = ScoreView.swift; sourceTree = "<group>"; };
		4A11A3F821682DA900E9B9F2 /* ScoreView.xib */ = {isa = PBXFileReference; lastKnownFileType = file.xib; path = ScoreView.xib; sourceTree = "<group>"; };
		4A11A3FE216A89AE00E9B9F2 /* Gender.swift */ = {isa = PBXFileReference; lastKnownFileType = sourcecode.swift; path = Gender.swift; sourceTree = "<group>"; };
		4AECB6452166B16B004CB1EC /* Parent.swift */ = {isa = PBXFileReference; lastKnownFileType = sourcecode.swift; path = Parent.swift; sourceTree = "<group>"; };
		4AECB6472166B173004CB1EC /* Child.swift */ = {isa = PBXFileReference; lastKnownFileType = sourcecode.swift; path = Child.swift; sourceTree = "<group>"; };
		4AECB6492166B183004CB1EC /* Journey.swift */ = {isa = PBXFileReference; lastKnownFileType = sourcecode.swift; path = Journey.swift; sourceTree = "<group>"; };
		4AECB64D2166B1DF004CB1EC /* JourneyStep.swift */ = {isa = PBXFileReference; fileEncoding = 4; lastKnownFileType = sourcecode.swift; path = JourneyStep.swift; sourceTree = "<group>"; };
		4AECB6562166BC3D004CB1EC /* LinearProgressBar.swift */ = {isa = PBXFileReference; fileEncoding = 4; lastKnownFileType = sourcecode.swift; path = LinearProgressBar.swift; sourceTree = "<group>"; };
		4AF7137121669C010011C159 /* Podfile */ = {isa = PBXFileReference; fileEncoding = 4; lastKnownFileType = text; path = Podfile; sourceTree = "<group>"; xcLanguageSpecificationIdentifier = xcode.lang.ruby; };
		4AFBCC50216BF7F700054777 /* Better-Days-Ahead.mp3 */ = {isa = PBXFileReference; lastKnownFileType = audio.mp3; path = "Better-Days-Ahead.mp3"; sourceTree = "<group>"; };
		4AFBCC54216C5E8300054777 /* ScoreKeeper.swift */ = {isa = PBXFileReference; lastKnownFileType = sourcecode.swift; path = ScoreKeeper.swift; sourceTree = "<group>"; };
		6B69D960958F0F0AC44C4235 /* Pods-TheyGrowUp.release.xcconfig */ = {isa = PBXFileReference; includeInIndex = 1; lastKnownFileType = text.xcconfig; name = "Pods-TheyGrowUp.release.xcconfig"; path = "Pods/Target Support Files/Pods-TheyGrowUp/Pods-TheyGrowUp.release.xcconfig"; sourceTree = "<group>"; };
/* End PBXFileReference section */

/* Begin PBXFrameworksBuildPhase section */
		4067CA9C20FAE47900C6A7FE /* Frameworks */ = {
			isa = PBXFrameworksBuildPhase;
			buildActionMask = 2147483647;
			files = (
				5ADF08D7AF698B943822C015 /* Pods_TheyGrowUp.framework in Frameworks */,
			);
			runOnlyForDeploymentPostprocessing = 0;
		};
/* End PBXFrameworksBuildPhase section */

/* Begin PBXGroup section */
		403601E5212DE3D70082E29C /* health */ = {
			isa = PBXGroup;
			children = (
				403601D7212DE3D10082E29C /* health_0.png */,
				403601D6212DE3D00082E29C /* health_1.png */,
				403601D0212DE3CC0082E29C /* health_2.png */,
				403601CF212DE3CB0082E29C /* health_3.png */,
				403601D1212DE3CD0082E29C /* health_4.png */,
				403601D8212DE3D10082E29C /* health_5.png */,
				403601D4212DE3CF0082E29C /* health_6.png */,
				403601D2212DE3CD0082E29C /* health_7.png */,
				403601D9212DE3D20082E29C /* health_8.png */,
				403601D5212DE3CF0082E29C /* health_9.png */,
				403601D3212DE3CE0082E29C /* health_10.png */,
			);
			path = health;
			sourceTree = "<group>";
		};
		4067CA9620FAE47800C6A7FE = {
			isa = PBXGroup;
			children = (
				4AF7137121669C010011C159 /* Podfile */,
				4067CAA120FAE47900C6A7FE /* TheyGrowUp */,
				4067CAA020FAE47900C6A7FE /* Products */,
				611DA76236407F5DD65D7EE6 /* Pods */,
				FC568FFDF776FC6C39FABF4A /* Frameworks */,
			);
			sourceTree = "<group>";
		};
		4067CAA020FAE47900C6A7FE /* Products */ = {
			isa = PBXGroup;
			children = (
				4067CA9F20FAE47900C6A7FE /* TheyGrowUp.app */,
			);
			name = Products;
			sourceTree = "<group>";
		};
		4067CAA120FAE47900C6A7FE /* TheyGrowUp */ = {
			isa = PBXGroup;
			children = (
				4A11A3FB216888D000E9B9F2 /* Assets */,
				4A11A3F22168240500E9B9F2 /* ViewControllers */,
				4AECB64F2166B1F4004CB1EC /* Views */,
				4AECB6442166B020004CB1EC /* Models */,
				403601E5212DE3D70082E29C /* health */,
				4067CAA220FAE47900C6A7FE /* AppDelegate.swift */,
				4067CAA620FAE47900C6A7FE /* Main.storyboard */,
				40A8C719216E859C00730891 /* Helper */,
				4067CAAC20FAE47A00C6A7FE /* Assets.xcassets */,
				4067CAAE20FAE47A00C6A7FE /* LaunchScreen.storyboard */,
				4067CAB120FAE47A00C6A7FE /* Info.plist */,
				4067CAA920FAE47900C6A7FE /* TheyGrowUp.xcdatamodeld */,
			);
			path = TheyGrowUp;
			sourceTree = "<group>";
		};
		40A8C719216E859C00730891 /* Helper */ = {
			isa = PBXGroup;
			children = (
				40A8C713216E858F00730891 /* AudioPlayer.swift */,
				40A8C712216E858F00730891 /* AudioPlayerManager.swift */,
				40A8C711216E858F00730891 /* StringRenderService.swift */,
				40A8C714216E858F00730891 /* TimeTrackable.swift */,
			);
			path = Helper;
			sourceTree = "<group>";
		};
		4A11A3F22168240500E9B9F2 /* ViewControllers */ = {
			isa = PBXGroup;
			children = (
				4067CAA420FAE47900C6A7FE /* ViewController.swift */,
				40038E83213F903F00D7FBA2 /* SetupViewController.swift */,
				40038E85213F914700D7FBA2 /* GameViewController.swift */,
				40A8C71E216E91EC00730891 /* FAQViewController.swift */,
			);
			path = ViewControllers;
			sourceTree = "<group>";
		};
		4A11A3FB216888D000E9B9F2 /* Assets */ = {
			isa = PBXGroup;
			children = (
				4A11A3FD216A88D700E9B9F2 /* Scenarios */,
				4A11A3FC216A88CE00E9B9F2 /* Audio */,
			);
			path = Assets;
			sourceTree = "<group>";
		};
		4A11A3FC216A88CE00E9B9F2 /* Audio */ = {
			isa = PBXGroup;
			children = (
				4AFBCC50216BF7F700054777 /* Better-Days-Ahead.mp3 */,
				40220DB4214748F500C4D4A6 /* coughAudio.mp3 */,
			);
			path = Audio;
			sourceTree = "<group>";
		};
		4A11A3FD216A88D700E9B9F2 /* Scenarios */ = {
			isa = PBXGroup;
			children = (
				406C706A21471BB700065B6F /* scenario_pertussis.json */,
				40A8C720216E960900730891 /* faqs.json */,
			);
			path = Scenarios;
			sourceTree = "<group>";
		};
		4AECB6442166B020004CB1EC /* Models */ = {
			isa = PBXGroup;
			children = (
				4AECB6452166B16B004CB1EC /* Parent.swift */,
				4AECB6472166B173004CB1EC /* Child.swift */,
				4AECB6492166B183004CB1EC /* Journey.swift */,
				4AECB64D2166B1DF004CB1EC /* JourneyStep.swift */,
				4A11A3F02168009E00E9B9F2 /* Scene.swift */,
				4A11A3EE2167F96500E9B9F2 /* Scenario.swift */,
				4A11A3FE216A89AE00E9B9F2 /* Gender.swift */,
				4AFBCC54216C5E8300054777 /* ScoreKeeper.swift */,
				40A8C724216EA66100730891 /* FAQs.swift */,
			);
			path = Models;
			sourceTree = "<group>";
		};
		4AECB64F2166B1F4004CB1EC /* Views */ = {
			isa = PBXGroup;
			children = (
				4AECB6562166BC3D004CB1EC /* LinearProgressBar.swift */,
				4A11A3F52168291100E9B9F2 /* ScoreView.swift */,
				4A11A3F821682DA900E9B9F2 /* ScoreView.xib */,
				40A8C722216E9F3C00730891 /* FAQView.swift */,
			);
			path = Views;
			sourceTree = "<group>";
		};
		611DA76236407F5DD65D7EE6 /* Pods */ = {
			isa = PBXGroup;
			children = (
				00921311AFE8D707FB6C3BA4 /* Pods-TheyGrowUp.debug.xcconfig */,
				6B69D960958F0F0AC44C4235 /* Pods-TheyGrowUp.release.xcconfig */,
			);
			name = Pods;
			sourceTree = "<group>";
		};
		FC568FFDF776FC6C39FABF4A /* Frameworks */ = {
			isa = PBXGroup;
			children = (
				191559A6D43CF01F939C7495 /* Pods_TheyGrowUp.framework */,
			);
			name = Frameworks;
			sourceTree = "<group>";
		};
/* End PBXGroup section */

/* Begin PBXNativeTarget section */
		4067CA9E20FAE47900C6A7FE /* TheyGrowUp */ = {
			isa = PBXNativeTarget;
			buildConfigurationList = 4067CAB420FAE47A00C6A7FE /* Build configuration list for PBXNativeTarget "TheyGrowUp" */;
			buildPhases = (
				64C5311EC82EF008B972F55B /* [CP] Check Pods Manifest.lock */,
				4067CA9B20FAE47900C6A7FE /* Sources */,
				4067CA9C20FAE47900C6A7FE /* Frameworks */,
				4067CA9D20FAE47900C6A7FE /* Resources */,
				324F641ECB6F166507A9337B /* [CP] Embed Pods Frameworks */,
			);
			buildRules = (
			);
			dependencies = (
			);
			name = TheyGrowUp;
			productName = TheyGrowUp;
			productReference = 4067CA9F20FAE47900C6A7FE /* TheyGrowUp.app */;
			productType = "com.apple.product-type.application";
		};
/* End PBXNativeTarget section */

/* Begin PBXProject section */
		4067CA9720FAE47800C6A7FE /* Project object */ = {
			isa = PBXProject;
			attributes = {
				LastSwiftUpdateCheck = 0930;
				LastUpgradeCheck = 0930;
				ORGANIZATIONNAME = "Brenda Miao";
				TargetAttributes = {
					4067CA9E20FAE47900C6A7FE = {
						CreatedOnToolsVersion = 9.3;
						LastSwiftMigration = 1000;
					};
				};
			};
			buildConfigurationList = 4067CA9A20FAE47800C6A7FE /* Build configuration list for PBXProject "TheyGrowUp" */;
			compatibilityVersion = "Xcode 9.3";
			developmentRegion = en;
			hasScannedForEncodings = 0;
			knownRegions = (
				en,
				Base,
			);
			mainGroup = 4067CA9620FAE47800C6A7FE;
			productRefGroup = 4067CAA020FAE47900C6A7FE /* Products */;
			projectDirPath = "";
			projectRoot = "";
			targets = (
				4067CA9E20FAE47900C6A7FE /* TheyGrowUp */,
			);
		};
/* End PBXProject section */

/* Begin PBXResourcesBuildPhase section */
		4067CA9D20FAE47900C6A7FE /* Resources */ = {
			isa = PBXResourcesBuildPhase;
			buildActionMask = 2147483647;
			files = (
				40220DB5214748F500C4D4A6 /* coughAudio.mp3 in Resources */,
				4A11A3FA21682DA900E9B9F2 /* ScoreView.xib in Resources */,
				406C706B21471BB700065B6F /* scenario_pertussis.json in Resources */,
				403601E4212DE3D30082E29C /* health_8.png in Resources */,
				403601E2212DE3D30082E29C /* health_0.png in Resources */,
				403601DC212DE3D30082E29C /* health_4.png in Resources */,
				4AF7137221669C010011C159 /* Podfile in Resources */,
				4067CAB020FAE47A00C6A7FE /* LaunchScreen.storyboard in Resources */,
				4067CAAD20FAE47A00C6A7FE /* Assets.xcassets in Resources */,
				403601E0212DE3D30082E29C /* health_9.png in Resources */,
				403601DF212DE3D30082E29C /* health_6.png in Resources */,
				4067CAA820FAE47900C6A7FE /* Main.storyboard in Resources */,
				40A8C721216E960900730891 /* faqs.json in Resources */,
				403601DD212DE3D30082E29C /* health_7.png in Resources */,
				403601DB212DE3D30082E29C /* health_2.png in Resources */,
				4AFBCC51216BF7F800054777 /* Better-Days-Ahead.mp3 in Resources */,
				403601E3212DE3D30082E29C /* health_5.png in Resources */,
				403601E1212DE3D30082E29C /* health_1.png in Resources */,
				403601DE212DE3D30082E29C /* health_10.png in Resources */,
				403601DA212DE3D30082E29C /* health_3.png in Resources */,
			);
			runOnlyForDeploymentPostprocessing = 0;
		};
/* End PBXResourcesBuildPhase section */

/* Begin PBXShellScriptBuildPhase section */
		324F641ECB6F166507A9337B /* [CP] Embed Pods Frameworks */ = {
			isa = PBXShellScriptBuildPhase;
			buildActionMask = 2147483647;
			files = (
			);
			inputFileListPaths = (
			);
			inputPaths = (
				"${SRCROOT}/Pods/Target Support Files/Pods-TheyGrowUp/Pods-TheyGrowUp-frameworks.sh",
				"${BUILT_PRODUCTS_DIR}/Alamofire/Alamofire.framework",
				"${BUILT_PRODUCTS_DIR}/AlamofireNetworkActivityIndicator/AlamofireNetworkActivityIndicator.framework",
				"${BUILT_PRODUCTS_DIR}/AlamofireObjectMapper/AlamofireObjectMapper.framework",
				"${BUILT_PRODUCTS_DIR}/CrossroadRegex/Regex.framework",
				"${BUILT_PRODUCTS_DIR}/FontBlaster/FontBlaster.framework",
				"${BUILT_PRODUCTS_DIR}/ObjectMapper/ObjectMapper.framework",
				"${BUILT_PRODUCTS_DIR}/pop/pop.framework",
			);
			name = "[CP] Embed Pods Frameworks";
			outputFileListPaths = (
			);
			outputPaths = (
				"${TARGET_BUILD_DIR}/${FRAMEWORKS_FOLDER_PATH}/Alamofire.framework",
				"${TARGET_BUILD_DIR}/${FRAMEWORKS_FOLDER_PATH}/AlamofireNetworkActivityIndicator.framework",
				"${TARGET_BUILD_DIR}/${FRAMEWORKS_FOLDER_PATH}/AlamofireObjectMapper.framework",
				"${TARGET_BUILD_DIR}/${FRAMEWORKS_FOLDER_PATH}/Regex.framework",
				"${TARGET_BUILD_DIR}/${FRAMEWORKS_FOLDER_PATH}/FontBlaster.framework",
				"${TARGET_BUILD_DIR}/${FRAMEWORKS_FOLDER_PATH}/ObjectMapper.framework",
				"${TARGET_BUILD_DIR}/${FRAMEWORKS_FOLDER_PATH}/pop.framework",
			);
			runOnlyForDeploymentPostprocessing = 0;
			shellPath = /bin/sh;
			shellScript = "\"${SRCROOT}/Pods/Target Support Files/Pods-TheyGrowUp/Pods-TheyGrowUp-frameworks.sh\"\n";
			showEnvVarsInLog = 0;
		};
		64C5311EC82EF008B972F55B /* [CP] Check Pods Manifest.lock */ = {
			isa = PBXShellScriptBuildPhase;
			buildActionMask = 2147483647;
			files = (
			);
			inputFileListPaths = (
			);
			inputPaths = (
				"${PODS_PODFILE_DIR_PATH}/Podfile.lock",
				"${PODS_ROOT}/Manifest.lock",
			);
			name = "[CP] Check Pods Manifest.lock";
			outputFileListPaths = (
			);
			outputPaths = (
				"$(DERIVED_FILE_DIR)/Pods-TheyGrowUp-checkManifestLockResult.txt",
			);
			runOnlyForDeploymentPostprocessing = 0;
			shellPath = /bin/sh;
			shellScript = "diff \"${PODS_PODFILE_DIR_PATH}/Podfile.lock\" \"${PODS_ROOT}/Manifest.lock\" > /dev/null\nif [ $? != 0 ] ; then\n    # print error to STDERR\n    echo \"error: The sandbox is not in sync with the Podfile.lock. Run 'pod install' or update your CocoaPods installation.\" >&2\n    exit 1\nfi\n# This output is used by Xcode 'outputs' to avoid re-running this script phase.\necho \"SUCCESS\" > \"${SCRIPT_OUTPUT_FILE_0}\"\n";
			showEnvVarsInLog = 0;
		};
/* End PBXShellScriptBuildPhase section */

/* Begin PBXSourcesBuildPhase section */
		4067CA9B20FAE47900C6A7FE /* Sources */ = {
			isa = PBXSourcesBuildPhase;
			buildActionMask = 2147483647;
			files = (
				40038E86213F914700D7FBA2 /* GameViewController.swift in Sources */,
				4AECB6572166BC3D004CB1EC /* LinearProgressBar.swift in Sources */,
				4AECB64E2166B1DF004CB1EC /* JourneyStep.swift in Sources */,
				40038E84213F903F00D7FBA2 /* SetupViewController.swift in Sources */,
				40A8C723216E9F3C00730891 /* FAQView.swift in Sources */,
				4067CAA520FAE47900C6A7FE /* ViewController.swift in Sources */,
				4067CAA320FAE47900C6A7FE /* AppDelegate.swift in Sources */,
				4A11A3FF216A89AE00E9B9F2 /* Gender.swift in Sources */,
				40A8C725216EA66100730891 /* FAQs.swift in Sources */,
				4AECB64A2166B183004CB1EC /* Journey.swift in Sources */,
				4A11A3EF2167F96500E9B9F2 /* Scenario.swift in Sources */,
				4A11A3F12168009E00E9B9F2 /* Scene.swift in Sources */,
				4AFBCC55216C5E8300054777 /* ScoreKeeper.swift in Sources */,
				40A8C717216E858F00730891 /* AudioPlayer.swift in Sources */,
				4067CAAB20FAE47900C6A7FE /* TheyGrowUp.xcdatamodeld in Sources */,
				40A8C71F216E91EC00730891 /* FAQViewController.swift in Sources */,
				40A8C715216E858F00730891 /* StringRenderService.swift in Sources */,
				4AECB6482166B173004CB1EC /* Child.swift in Sources */,
				4A11A3F62168291100E9B9F2 /* ScoreView.swift in Sources */,
				4AECB6462166B16B004CB1EC /* Parent.swift in Sources */,
				40A8C716216E858F00730891 /* AudioPlayerManager.swift in Sources */,
				40A8C718216E858F00730891 /* TimeTrackable.swift in Sources */,
			);
			runOnlyForDeploymentPostprocessing = 0;
		};
/* End PBXSourcesBuildPhase section */

/* Begin PBXVariantGroup section */
		4067CAA620FAE47900C6A7FE /* Main.storyboard */ = {
			isa = PBXVariantGroup;
			children = (
				4067CAA720FAE47900C6A7FE /* Base */,
			);
			name = Main.storyboard;
			sourceTree = "<group>";
		};
		4067CAAE20FAE47A00C6A7FE /* LaunchScreen.storyboard */ = {
			isa = PBXVariantGroup;
			children = (
				4067CAAF20FAE47A00C6A7FE /* Base */,
			);
			name = LaunchScreen.storyboard;
			sourceTree = "<group>";
		};
/* End PBXVariantGroup section */

/* Begin XCBuildConfiguration section */
		4067CAB220FAE47A00C6A7FE /* Debug */ = {
			isa = XCBuildConfiguration;
			buildSettings = {
				ALWAYS_SEARCH_USER_PATHS = NO;
				CLANG_ANALYZER_NONNULL = YES;
				CLANG_ANALYZER_NUMBER_OBJECT_CONVERSION = YES_AGGRESSIVE;
				CLANG_CXX_LANGUAGE_STANDARD = "gnu++14";
				CLANG_CXX_LIBRARY = "libc++";
				CLANG_ENABLE_MODULES = YES;
				CLANG_ENABLE_OBJC_ARC = YES;
				CLANG_ENABLE_OBJC_WEAK = YES;
				CLANG_WARN_BLOCK_CAPTURE_AUTORELEASING = YES;
				CLANG_WARN_BOOL_CONVERSION = YES;
				CLANG_WARN_COMMA = YES;
				CLANG_WARN_CONSTANT_CONVERSION = YES;
				CLANG_WARN_DEPRECATED_OBJC_IMPLEMENTATIONS = YES;
				CLANG_WARN_DIRECT_OBJC_ISA_USAGE = YES_ERROR;
				CLANG_WARN_DOCUMENTATION_COMMENTS = YES;
				CLANG_WARN_EMPTY_BODY = YES;
				CLANG_WARN_ENUM_CONVERSION = YES;
				CLANG_WARN_INFINITE_RECURSION = YES;
				CLANG_WARN_INT_CONVERSION = YES;
				CLANG_WARN_NON_LITERAL_NULL_CONVERSION = YES;
				CLANG_WARN_OBJC_IMPLICIT_RETAIN_SELF = YES;
				CLANG_WARN_OBJC_LITERAL_CONVERSION = YES;
				CLANG_WARN_OBJC_ROOT_CLASS = YES_ERROR;
				CLANG_WARN_RANGE_LOOP_ANALYSIS = YES;
				CLANG_WARN_STRICT_PROTOTYPES = YES;
				CLANG_WARN_SUSPICIOUS_MOVE = YES;
				CLANG_WARN_UNGUARDED_AVAILABILITY = YES_AGGRESSIVE;
				CLANG_WARN_UNREACHABLE_CODE = YES;
				CLANG_WARN__DUPLICATE_METHOD_MATCH = YES;
				CODE_SIGN_IDENTITY = "iPhone Developer";
				COPY_PHASE_STRIP = NO;
				DEBUG_INFORMATION_FORMAT = dwarf;
				ENABLE_STRICT_OBJC_MSGSEND = YES;
				ENABLE_TESTABILITY = YES;
				GCC_C_LANGUAGE_STANDARD = gnu11;
				GCC_DYNAMIC_NO_PIC = NO;
				GCC_NO_COMMON_BLOCKS = YES;
				GCC_OPTIMIZATION_LEVEL = 0;
				GCC_PREPROCESSOR_DEFINITIONS = (
					"DEBUG=1",
					"$(inherited)",
				);
				GCC_WARN_64_TO_32_BIT_CONVERSION = YES;
				GCC_WARN_ABOUT_RETURN_TYPE = YES_ERROR;
				GCC_WARN_UNDECLARED_SELECTOR = YES;
				GCC_WARN_UNINITIALIZED_AUTOS = YES_AGGRESSIVE;
				GCC_WARN_UNUSED_FUNCTION = YES;
				GCC_WARN_UNUSED_VARIABLE = YES;
				IPHONEOS_DEPLOYMENT_TARGET = 11.3;
				MTL_ENABLE_DEBUG_INFO = YES;
				ONLY_ACTIVE_ARCH = YES;
				SDKROOT = iphoneos;
				SWIFT_ACTIVE_COMPILATION_CONDITIONS = DEBUG;
				SWIFT_OPTIMIZATION_LEVEL = "-Onone";
			};
			name = Debug;
		};
		4067CAB320FAE47A00C6A7FE /* Release */ = {
			isa = XCBuildConfiguration;
			buildSettings = {
				ALWAYS_SEARCH_USER_PATHS = NO;
				CLANG_ANALYZER_NONNULL = YES;
				CLANG_ANALYZER_NUMBER_OBJECT_CONVERSION = YES_AGGRESSIVE;
				CLANG_CXX_LANGUAGE_STANDARD = "gnu++14";
				CLANG_CXX_LIBRARY = "libc++";
				CLANG_ENABLE_MODULES = YES;
				CLANG_ENABLE_OBJC_ARC = YES;
				CLANG_ENABLE_OBJC_WEAK = YES;
				CLANG_WARN_BLOCK_CAPTURE_AUTORELEASING = YES;
				CLANG_WARN_BOOL_CONVERSION = YES;
				CLANG_WARN_COMMA = YES;
				CLANG_WARN_CONSTANT_CONVERSION = YES;
				CLANG_WARN_DEPRECATED_OBJC_IMPLEMENTATIONS = YES;
				CLANG_WARN_DIRECT_OBJC_ISA_USAGE = YES_ERROR;
				CLANG_WARN_DOCUMENTATION_COMMENTS = YES;
				CLANG_WARN_EMPTY_BODY = YES;
				CLANG_WARN_ENUM_CONVERSION = YES;
				CLANG_WARN_INFINITE_RECURSION = YES;
				CLANG_WARN_INT_CONVERSION = YES;
				CLANG_WARN_NON_LITERAL_NULL_CONVERSION = YES;
				CLANG_WARN_OBJC_IMPLICIT_RETAIN_SELF = YES;
				CLANG_WARN_OBJC_LITERAL_CONVERSION = YES;
				CLANG_WARN_OBJC_ROOT_CLASS = YES_ERROR;
				CLANG_WARN_RANGE_LOOP_ANALYSIS = YES;
				CLANG_WARN_STRICT_PROTOTYPES = YES;
				CLANG_WARN_SUSPICIOUS_MOVE = YES;
				CLANG_WARN_UNGUARDED_AVAILABILITY = YES_AGGRESSIVE;
				CLANG_WARN_UNREACHABLE_CODE = YES;
				CLANG_WARN__DUPLICATE_METHOD_MATCH = YES;
				CODE_SIGN_IDENTITY = "iPhone Developer";
				COPY_PHASE_STRIP = NO;
				DEBUG_INFORMATION_FORMAT = "dwarf-with-dsym";
				ENABLE_NS_ASSERTIONS = NO;
				ENABLE_STRICT_OBJC_MSGSEND = YES;
				GCC_C_LANGUAGE_STANDARD = gnu11;
				GCC_NO_COMMON_BLOCKS = YES;
				GCC_WARN_64_TO_32_BIT_CONVERSION = YES;
				GCC_WARN_ABOUT_RETURN_TYPE = YES_ERROR;
				GCC_WARN_UNDECLARED_SELECTOR = YES;
				GCC_WARN_UNINITIALIZED_AUTOS = YES_AGGRESSIVE;
				GCC_WARN_UNUSED_FUNCTION = YES;
				GCC_WARN_UNUSED_VARIABLE = YES;
				IPHONEOS_DEPLOYMENT_TARGET = 11.3;
				MTL_ENABLE_DEBUG_INFO = NO;
				SDKROOT = iphoneos;
				SWIFT_COMPILATION_MODE = wholemodule;
				SWIFT_OPTIMIZATION_LEVEL = "-O";
				VALIDATE_PRODUCT = YES;
			};
			name = Release;
		};
		4067CAB520FAE47A00C6A7FE /* Debug */ = {
			isa = XCBuildConfiguration;
			baseConfigurationReference = 00921311AFE8D707FB6C3BA4 /* Pods-TheyGrowUp.debug.xcconfig */;
			buildSettings = {
				ASSETCATALOG_COMPILER_APPICON_NAME = AppIcon;
				CODE_SIGN_STYLE = Automatic;
				DEVELOPMENT_TEAM = 8J3E2DAF69;
				INFOPLIST_FILE = TheyGrowUp/Info.plist;
				LD_RUNPATH_SEARCH_PATHS = (
					"$(inherited)",
					"@executable_path/Frameworks",
				);
				PRODUCT_BUNDLE_IDENTIFIER = com.TGUSF.TheyGrowUp;
				PRODUCT_NAME = "$(TARGET_NAME)";
				SWIFT_VERSION = 4.2;
				TARGETED_DEVICE_FAMILY = 2;
			};
			name = Debug;
		};
		4067CAB620FAE47A00C6A7FE /* Release */ = {
			isa = XCBuildConfiguration;
			baseConfigurationReference = 6B69D960958F0F0AC44C4235 /* Pods-TheyGrowUp.release.xcconfig */;
			buildSettings = {
				ASSETCATALOG_COMPILER_APPICON_NAME = AppIcon;
				CODE_SIGN_STYLE = Automatic;
				DEVELOPMENT_TEAM = 8J3E2DAF69;
				INFOPLIST_FILE = TheyGrowUp/Info.plist;
				LD_RUNPATH_SEARCH_PATHS = (
					"$(inherited)",
					"@executable_path/Frameworks",
				);
				PRODUCT_BUNDLE_IDENTIFIER = com.TGUSF.TheyGrowUp;
				PRODUCT_NAME = "$(TARGET_NAME)";
				SWIFT_VERSION = 4.2;
				TARGETED_DEVICE_FAMILY = 2;
			};
			name = Release;
		};
/* End XCBuildConfiguration section */

/* Begin XCConfigurationList section */
		4067CA9A20FAE47800C6A7FE /* Build configuration list for PBXProject "TheyGrowUp" */ = {
			isa = XCConfigurationList;
			buildConfigurations = (
				4067CAB220FAE47A00C6A7FE /* Debug */,
				4067CAB320FAE47A00C6A7FE /* Release */,
			);
			defaultConfigurationIsVisible = 0;
			defaultConfigurationName = Release;
		};
		4067CAB420FAE47A00C6A7FE /* Build configuration list for PBXNativeTarget "TheyGrowUp" */ = {
			isa = XCConfigurationList;
			buildConfigurations = (
				4067CAB520FAE47A00C6A7FE /* Debug */,
				4067CAB620FAE47A00C6A7FE /* Release */,
			);
			defaultConfigurationIsVisible = 0;
			defaultConfigurationName = Release;
		};
/* End XCConfigurationList section */

/* Begin XCVersionGroup section */
		4067CAA920FAE47900C6A7FE /* TheyGrowUp.xcdatamodeld */ = {
			isa = XCVersionGroup;
			children = (
				4067CAAA20FAE47900C6A7FE /* TheyGrowUp.xcdatamodel */,
			);
			currentVersion = 4067CAAA20FAE47900C6A7FE /* TheyGrowUp.xcdatamodel */;
			path = TheyGrowUp.xcdatamodeld;
			sourceTree = "<group>";
			versionGroupType = wrapper.xcdatamodel;
		};
/* End XCVersionGroup section */
	};
	rootObject = 4067CA9720FAE47800C6A7FE /* Project object */;
}
